{
  "name": "checkin_endpoint",
  "lockfileVersion": 2,
  "requires": true,
  "packages": {
    "": {
      "dependencies": {
        "jsrsasign": "^10.5.23"
      }
    },
    "js/jsrsasign": {
      "version": "10.5.23",
      "resolved": "https://registry.npmjs.org/jsrsasign/-/jsrsasign-10.5.23.tgz",
      "integrity": "sha512-e3hy//LH8EbRhzqyHJuf3pbehxYcnUZgGUjQKKTukWJ1M5uQTZBgFvItRK5ik8pixpYDAKY6xj527cEa1NQGPg==",
      "funding": {
        "url": "https://github.com/kjur/jsrsasign#donations"
      }
    }
  },
  "dependencies": {
    "jsrsasign": {
      "version": "10.5.23",
      "resolved": "https://registry.npmjs.org/jsrsasign/-/jsrsasign-10.5.23.tgz",
      "integrity": "sha512-e3hy//LH8EbRhzqyHJuf3pbehxYcnUZgGUjQKKTukWJ1M5uQTZBgFvItRK5ik8pixpYDAKY6xj527cEa1NQGPg=="
    }
  }
}